
Microsoft Visual Studio Solution File, Format Version 12.00
# Visual Studio 15
VisualStudioVersion = 15.0.27703.2042
MinimumVisualStudioVersion = 10.0.40219.1
Project("{FAE04EC0-301F-11D3-BF4B-00C04F79EFBC}") = "DisableWindowsUpdate", "DisableWindowsUpdate\DisableWindowsUpdate.csproj", "{E28C3AF1-6FDF-4E1F-BC07-CD7B2B236BFE}"
EndProject
Global
	GlobalSection(SolutionConfigurationPlatforms) = preSolution
		Debug|Any CPU = Debug|Any CPU
		Release|Any CPU = Release|Any CPU
	EndGlobalSection
	GlobalSection(ProjectConfigurationPlatforms) = postSolution
		{E28C3AF1-6FDF-4E1F-BC07-CD7B2B236BFE}.Debug|Any CPU.ActiveCfg = Debug|Any CPU
		{E28C3AF1-6FDF-4E1F-BC07-CD7B2B236BFE}.Debug|Any CPU.Build.0 = Debug|Any CPU
		{E28C3AF1-6FDF-4E1F-BC07-CD7B2B236BFE}.Release|Any CPU.ActiveCfg = Release|Any CPU
		{E28C3AF1-6FDF-4E1F-BC07-CD7B2B236BFE}.Release|Any CPU.Build.0 = Release|Any CPU
	EndGlobalSection
	GlobalSection(SolutionProperties) = preSolution
		HideSolutionNode = FALSE
	EndGlobalSection
	GlobalSection(ExtensibilityGlobals) = postSolution
		SolutionGuid = {BA621C50-30F4-4110-A106-43B7711BFF3B}
	EndGlobalSection
EndGlobal
